
Microsoft Visual Studio Solution File, Format Version 12.00
# Visual Studio Version 16
VisualStudioVersion = 16.0.30804.86
MinimumVisualStudioVersion = 10.0.40219.1
Project("{FAE04EC0-301F-11D3-BF4B-00C04F79EFBC}") = "SSRBase.LandingPage", "SSRBase.LandingPage.csproj", "{2AA1B662-31D5-4884-81E2-046F104B05DA}"
EndProject
Global
	GlobalSection(SolutionConfigurationPlatforms) = preSolution
		Debug|Any CPU = Debug|Any CPU
		Release|Any CPU = Release|Any CPU
	EndGlobalSection
	GlobalSection(ProjectConfigurationPlatforms) = postSolution
		{2AA1B662-31D5-4884-81E2-046F104B05DA}.Debug|Any CPU.ActiveCfg = Debug|Any CPU
		{2AA1B662-31D5-4884-81E2-046F104B05DA}.Debug|Any CPU.Build.0 = Debug|Any CPU
		{2AA1B662-31D5-4884-81E2-046F104B05DA}.Release|Any CPU.ActiveCfg = Release|Any CPU
		{2AA1B662-31D5-4884-81E2-046F104B05DA}.Release|Any CPU.Build.0 = Release|Any CPU
	EndGlobalSection
	GlobalSection(SolutionProperties) = preSolution
		HideSolutionNode = FALSE
	EndGlobalSection
	GlobalSection(ExtensibilityGlobals) = postSolution
		SolutionGuid = {9077DEAF-38C0-4583-8475-FF82A8C77F57}
	EndGlobalSection
EndGlobal
